
Microsoft Visual Studio Solution File, Format Version 12.00
# Visual Studio Version 16
VisualStudioVersion = 16.0.30621.155
MinimumVisualStudioVersion = 10.0.40219.1
Project("{FAE04EC0-301F-11D3-BF4B-00C04F79EFBC}") = "SoilClassfication", "BirlesikZeminSiniflama\SoilClassfication.csproj", "{01E7105F-E679-408A-B8FB-F735FEB63E03}"
EndProject
Global
	GlobalSection(SolutionConfigurationPlatforms) = preSolution
		Debug|Any CPU = Debug|Any CPU
		Release|Any CPU = Release|Any CPU
	EndGlobalSection
	GlobalSection(ProjectConfigurationPlatforms) = postSolution
		{01E7105F-E679-408A-B8FB-F735FEB63E03}.Debug|Any CPU.ActiveCfg = Debug|Any CPU
		{01E7105F-E679-408A-B8FB-F735FEB63E03}.Debug|Any CPU.Build.0 = Debug|Any CPU
		{01E7105F-E679-408A-B8FB-F735FEB63E03}.Release|Any CPU.ActiveCfg = Release|Any CPU
		{01E7105F-E679-408A-B8FB-F735FEB63E03}.Release|Any CPU.Build.0 = Release|Any CPU
	EndGlobalSection
	GlobalSection(SolutionProperties) = preSolution
		HideSolutionNode = FALSE
	EndGlobalSection
	GlobalSection(ExtensibilityGlobals) = postSolution
		SolutionGuid = {3B4B08B8-B39C-4C3A-8249-9CFDB7B990FE}
	EndGlobalSection
EndGlobal
